// !$*UTF8*$!
{
	archiveVersion = 1;
	classes = {
	};
	objectVersion = 51;
	objects = {

/* Begin PBXBuildFile section */
		588D6CFDC2E0489AD1811C8F /* Pods_DaunPractice_PhotoFilterApp.framework in Frameworks */ = {isa = PBXBuildFile; fileRef = 3BB188FF7ACC568EDF652241 /* Pods_DaunPractice_PhotoFilterApp.framework */; };
		D5423A9024D6802A00C5D698 /* AppDelegate.swift in Sources */ = {isa = PBXBuildFile; fileRef = D5423A8F24D6802A00C5D698 /* AppDelegate.swift */; };
		D5423A9224D6802A00C5D698 /* SceneDelegate.swift in Sources */ = {isa = PBXBuildFile; fileRef = D5423A9124D6802A00C5D698 /* SceneDelegate.swift */; };
		D5423A9424D6802A00C5D698 /* ViewController.swift in Sources */ = {isa = PBXBuildFile; fileRef = D5423A9324D6802A00C5D698 /* ViewController.swift */; };
		D5423A9724D6802A00C5D698 /* Main.storyboard in Resources */ = {isa = PBXBuildFile; fileRef = D5423A9524D6802A00C5D698 /* Main.storyboard */; };
		D5423A9A24D6802A00C5D698 /* DaunPractice_PhotoFilterApp.xcdatamodeld in Sources */ = {isa = PBXBuildFile; fileRef = D5423A9824D6802A00C5D698 /* DaunPractice_PhotoFilterApp.xcdatamodeld */; };
		D5423A9C24D6802C00C5D698 /* Assets.xcassets in Resources */ = {isa = PBXBuildFile; fileRef = D5423A9B24D6802C00C5D698 /* Assets.xcassets */; };
		D5423A9F24D6802C00C5D698 /* LaunchScreen.storyboard in Resources */ = {isa = PBXBuildFile; fileRef = D5423A9D24D6802C00C5D698 /* LaunchScreen.storyboard */; };
		D5423AA724D687F400C5D698 /* PhotosSelectViewController.swift in Sources */ = {isa = PBXBuildFile; fileRef = D5423AA624D687F400C5D698 /* PhotosSelectViewController.swift */; };
		D5423AA924D6882F00C5D698 /* PhotosSelectCollectionViewCell.swift in Sources */ = {isa = PBXBuildFile; fileRef = D5423AA824D6882F00C5D698 /* PhotosSelectCollectionViewCell.swift */; };
		D5423AAB24D6884F00C5D698 /* FilterService.swift in Sources */ = {isa = PBXBuildFile; fileRef = D5423AAA24D6884F00C5D698 /* FilterService.swift */; };
/* End PBXBuildFile section */

/* Begin PBXFileReference section */
		0217FE3C2147D4DAF23CEAA5 /* Pods-DaunPractice_PhotoFilterApp.debug.xcconfig */ = {isa = PBXFileReference; includeInIndex = 1; lastKnownFileType = text.xcconfig; name = "Pods-DaunPractice_PhotoFilterApp.debug.xcconfig"; path = "Target Support Files/Pods-DaunPractice_PhotoFilterApp/Pods-DaunPractice_PhotoFilterApp.debug.xcconfig"; sourceTree = "<group>"; };
		3BB188FF7ACC568EDF652241 /* Pods_DaunPractice_PhotoFilterApp.framework */ = {isa = PBXFileReference; explicitFileType = wrapper.framework; includeInIndex = 0; path = Pods_DaunPractice_PhotoFilterApp.framework; sourceTree = BUILT_PRODUCTS_DIR; };
		586A68CA41BCCD1838860AEF /* Pods-DaunPractice_PhotoFilterApp.release.xcconfig */ = {isa = PBXFileReference; includeInIndex = 1; lastKnownFileType = text.xcconfig; name = "Pods-DaunPractice_PhotoFilterApp.release.xcconfig"; path = "Target Support Files/Pods-DaunPractice_PhotoFilterApp/Pods-DaunPractice_PhotoFilterApp.release.xcconfig"; sourceTree = "<group>"; };
		D5423A8C24D6802A00C5D698 /* DaunPractice_PhotoFilterApp.app */ = {isa = PBXFileReference; explicitFileType = wrapper.application; includeInIndex = 0; path = DaunPractice_PhotoFilterApp.app; sourceTree = BUILT_PRODUCTS_DIR; };
		D5423A8F24D6802A00C5D698 /* AppDelegate.swift */ = {isa = PBXFileReference; lastKnownFileType = sourcecode.swift; path = AppDelegate.swift; sourceTree = "<group>"; };
		D5423A9124D6802A00C5D698 /* SceneDelegate.swift */ = {isa = PBXFileReference; lastKnownFileType = sourcecode.swift; path = SceneDelegate.swift; sourceTree = "<group>"; };
		D5423A9324D6802A00C5D698 /* ViewController.swift */ = {isa = PBXFileReference; lastKnownFileType = sourcecode.swift; path = ViewController.swift; sourceTree = "<group>"; };
		D5423A9624D6802A00C5D698 /* Base */ = {isa = PBXFileReference; lastKnownFileType = file.storyboard; name = Base; path = Base.lproj/Main.storyboard; sourceTree = "<group>"; };
		D5423A9924D6802A00C5D698 /* DaunPractice_PhotoFilterApp.xcdatamodel */ = {isa = PBXFileReference; lastKnownFileType = wrapper.xcdatamodel; path = DaunPractice_PhotoFilterApp.xcdatamodel; sourceTree = "<group>"; };
		D5423A9B24D6802C00C5D698 /* Assets.xcassets */ = {isa = PBXFileReference; lastKnownFileType = folder.assetcatalog; path = Assets.xcassets; sourceTree = "<group>"; };
		D5423A9E24D6802C00C5D698 /* Base */ = {isa = PBXFileReference; lastKnownFileType = file.storyboard; name = Base; path = Base.lproj/LaunchScreen.storyboard; sourceTree = "<group>"; };
		D5423AA024D6802C00C5D698 /* Info.plist */ = {isa = PBXFileReference; lastKnownFileType = text.plist.xml; path = Info.plist; sourceTree = "<group>"; };
		D5423AA624D687F400C5D698 /* PhotosSelectViewController.swift */ = {isa = PBXFileReference; lastKnownFileType = sourcecode.swift; path = PhotosSelectViewController.swift; sourceTree = "<group>"; };
		D5423AA824D6882F00C5D698 /* PhotosSelectCollectionViewCell.swift */ = {isa = PBXFileReference; lastKnownFileType = sourcecode.swift; path = PhotosSelectCollectionViewCell.swift; sourceTree = "<group>"; };
		D5423AAA24D6884F00C5D698 /* FilterService.swift */ = {isa = PBXFileReference; lastKnownFileType = sourcecode.swift; path = FilterService.swift; sourceTree = "<group>"; };
/* End PBXFileReference section */

/* Begin PBXFrameworksBuildPhase section */
		D5423A8924D6802A00C5D698 /* Frameworks */ = {
			isa = PBXFrameworksBuildPhase;
			buildActionMask = 2147483647;
			files = (
				588D6CFDC2E0489AD1811C8F /* Pods_DaunPractice_PhotoFilterApp.framework in Frameworks */,
			);
			runOnlyForDeploymentPostprocessing = 0;
		};
/* End PBXFrameworksBuildPhase section */

/* Begin PBXGroup section */
		8A7066CBEF6B5A65A745A716 /* Frameworks */ = {
			isa = PBXGroup;
			children = (
				3BB188FF7ACC568EDF652241 /* Pods_DaunPractice_PhotoFilterApp.framework */,
			);
			name = Frameworks;
			sourceTree = "<group>";
		};
		D5423A8324D6802A00C5D698 = {
			isa = PBXGroup;
			children = (
				D5423A8E24D6802A00C5D698 /* DaunPractice_PhotoFilterApp */,
				D5423A8D24D6802A00C5D698 /* Products */,
				EFA35C302AAA2879BBC4CF61 /* Pods */,
				8A7066CBEF6B5A65A745A716 /* Frameworks */,
			);
			sourceTree = "<group>";
		};
		D5423A8D24D6802A00C5D698 /* Products */ = {
			isa = PBXGroup;
			children = (
				D5423A8C24D6802A00C5D698 /* DaunPractice_PhotoFilterApp.app */,
			);
			name = Products;
			sourceTree = "<group>";
		};
		D5423A8E24D6802A00C5D698 /* DaunPractice_PhotoFilterApp */ = {
			isa = PBXGroup;
			children = (
				D5423A8F24D6802A00C5D698 /* AppDelegate.swift */,
				D5423A9124D6802A00C5D698 /* SceneDelegate.swift */,
				D5423A9324D6802A00C5D698 /* ViewController.swift */,
				D5423A9524D6802A00C5D698 /* Main.storyboard */,
				D5423A9B24D6802C00C5D698 /* Assets.xcassets */,
				D5423A9D24D6802C00C5D698 /* LaunchScreen.storyboard */,
				D5423AA024D6802C00C5D698 /* Info.plist */,
				D5423A9824D6802A00C5D698 /* DaunPractice_PhotoFilterApp.xcdatamodeld */,
				D5423AA624D687F400C5D698 /* PhotosSelectViewController.swift */,
				D5423AA824D6882F00C5D698 /* PhotosSelectCollectionViewCell.swift */,
				D5423AAA24D6884F00C5D698 /* FilterService.swift */,
			);
			path = DaunPractice_PhotoFilterApp;
			sourceTree = "<group>";
		};
		EFA35C302AAA2879BBC4CF61 /* Pods */ = {
			isa = PBXGroup;
			children = (
				0217FE3C2147D4DAF23CEAA5 /* Pods-DaunPractice_PhotoFilterApp.debug.xcconfig */,
				586A68CA41BCCD1838860AEF /* Pods-DaunPractice_PhotoFilterApp.release.xcconfig */,
			);
			path = Pods;
			sourceTree = "<group>";
		};
/* End PBXGroup section */

/* Begin PBXNativeTarget section */
		D5423A8B24D6802A00C5D698 /* DaunPractice_PhotoFilterApp */ = {
			isa = PBXNativeTarget;
			buildConfigurationList = D5423AA324D6802C00C5D698 /* Build configuration list for PBXNativeTarget "DaunPractice_PhotoFilterApp" */;
			buildPhases = (
				BC63C8FC0AC14A1F54CC570D /* [CP] Check Pods Manifest.lock */,
				D5423A8824D6802A00C5D698 /* Sources */,
				D5423A8924D6802A00C5D698 /* Frameworks */,
				D5423A8A24D6802A00C5D698 /* Resources */,
				D6E0C00D999EE06670104E7F /* [CP] Embed Pods Frameworks */,
			);
			buildRules = (
			);
			dependencies = (
			);
			name = DaunPractice_PhotoFilterApp;
			productName = DaunPractice_PhotoFilterApp;
			productReference = D5423A8C24D6802A00C5D698 /* DaunPractice_PhotoFilterApp.app */;
			productType = "com.apple.product-type.application";
		};
/* End PBXNativeTarget section */

/* Begin PBXProject section */
		D5423A8424D6802A00C5D698 /* Project object */ = {
			isa = PBXProject;
			attributes = {
				LastSwiftUpdateCheck = 1120;
				LastUpgradeCheck = 1120;
				ORGANIZATIONNAME = daunjoung;
				TargetAttributes = {
					D5423A8B24D6802A00C5D698 = {
						CreatedOnToolsVersion = 11.2.1;
					};
				};
			};
			buildConfigurationList = D5423A8724D6802A00C5D698 /* Build configuration list for PBXProject "DaunPractice_PhotoFilterApp" */;
			compatibilityVersion = "Xcode 9.3";
			developmentRegion = en;
			hasScannedForEncodings = 0;
			knownRegions = (
				en,
				Base,
			);
			mainGroup = D5423A8324D6802A00C5D698;
			productRefGroup = D5423A8D24D6802A00C5D698 /* Products */;
			projectDirPath = "";
			projectRoot = "";
			targets = (
				D5423A8B24D6802A00C5D698 /* DaunPractice_PhotoFilterApp */,
			);
		};
/* End PBXProject section */

/* Begin PBXResourcesBuildPhase section */
		D5423A8A24D6802A00C5D698 /* Resources */ = {
			isa = PBXResourcesBuildPhase;
			buildActionMask = 2147483647;
			files = (
				D5423A9F24D6802C00C5D698 /* LaunchScreen.storyboard in Resources */,
				D5423A9C24D6802C00C5D698 /* Assets.xcassets in Resources */,
				D5423A9724D6802A00C5D698 /* Main.storyboard in Resources */,
			);
			runOnlyForDeploymentPostprocessing = 0;
		};
/* End PBXResourcesBuildPhase section */

/* Begin PBXShellScriptBuildPhase section */
		BC63C8FC0AC14A1F54CC570D /* [CP] Check Pods Manifest.lock */ = {
			isa = PBXShellScriptBuildPhase;
			buildActionMask = 2147483647;
			files = (
			);
			inputFileListPaths = (
			);
			inputPaths = (
				"${PODS_PODFILE_DIR_PATH}/Podfile.lock",
				"${PODS_ROOT}/Manifest.lock",
			);
			name = "[CP] Check Pods Manifest.lock";
			outputFileListPaths = (
			);
			outputPaths = (
				"$(DERIVED_FILE_DIR)/Pods-DaunPractice_PhotoFilterApp-checkManifestLockResult.txt",
			);
			runOnlyForDeploymentPostprocessing = 0;
			shellPath = /bin/sh;
			shellScript = "diff \"${PODS_PODFILE_DIR_PATH}/Podfile.lock\" \"${PODS_ROOT}/Manifest.lock\" > /dev/null\nif [ $? != 0 ] ; then\n    # print error to STDERR\n    echo \"error: The sandbox is not in sync with the Podfile.lock. Run 'pod install' or update your CocoaPods installation.\" >&2\n    exit 1\nfi\n# This output is used by Xcode 'outputs' to avoid re-running this script phase.\necho \"SUCCESS\" > \"${SCRIPT_OUTPUT_FILE_0}\"\n";
			showEnvVarsInLog = 0;
		};
		D6E0C00D999EE06670104E7F /* [CP] Embed Pods Frameworks */ = {
			isa = PBXShellScriptBuildPhase;
			buildActionMask = 2147483647;
			files = (
			);
			inputFileListPaths = (
				"${PODS_ROOT}/Target Support Files/Pods-DaunPractice_PhotoFilterApp/Pods-DaunPractice_PhotoFilterApp-frameworks-${CONFIGURATION}-input-files.xcfilelist",
			);
			name = "[CP] Embed Pods Frameworks";
			outputFileListPaths = (
				"${PODS_ROOT}/Target Support Files/Pods-DaunPractice_PhotoFilterApp/Pods-DaunPractice_PhotoFilterApp-frameworks-${CONFIGURATION}-output-files.xcfilelist",
			);
			runOnlyForDeploymentPostprocessing = 0;
			shellPath = /bin/sh;
			shellScript = "\"${PODS_ROOT}/Target Support Files/Pods-DaunPractice_PhotoFilterApp/Pods-DaunPractice_PhotoFilterApp-frameworks.sh\"\n";
			showEnvVarsInLog = 0;
		};
/* End PBXShellScriptBuildPhase section */

/* Begin PBXSourcesBuildPhase section */
		D5423A8824D6802A00C5D698 /* Sources */ = {
			isa = PBXSourcesBuildPhase;
			buildActionMask = 2147483647;
			files = (
				D5423A9424D6802A00C5D698 /* ViewController.swift in Sources */,
				D5423AA924D6882F00C5D698 /* PhotosSelectCollectionViewCell.swift in Sources */,
				D5423A9024D6802A00C5D698 /* AppDelegate.swift in Sources */,
				D5423AAB24D6884F00C5D698 /* FilterService.swift in Sources */,
				D5423A9224D6802A00C5D698 /* SceneDelegate.swift in Sources */,
				D5423A9A24D6802A00C5D698 /* DaunPractice_PhotoFilterApp.xcdatamodeld in Sources */,
				D5423AA724D687F400C5D698 /* PhotosSelectViewController.swift in Sources */,
			);
			runOnlyForDeploymentPostprocessing = 0;
		};
/* End PBXSourcesBuildPhase section */

/* Begin PBXVariantGroup section */
		D5423A9524D6802A00C5D698 /* Main.storyboard */ = {
			isa = PBXVariantGroup;
			children = (
				D5423A9624D6802A00C5D698 /* Base */,
			);
			name = Main.storyboard;
			sourceTree = "<group>";
		};
		D5423A9D24D6802C00C5D698 /* LaunchScreen.storyboard */ = {
			isa = PBXVariantGroup;
			children = (
				D5423A9E24D6802C00C5D698 /* Base */,
			);
			name = LaunchScreen.storyboard;
			sourceTree = "<group>";
		};
/* End PBXVariantGroup section */

/* Begin XCBuildConfiguration section */
		D5423AA124D6802C00C5D698 /* Debug */ = {
			isa = XCBuildConfiguration;
			buildSettings = {
				ALWAYS_SEARCH_USER_PATHS = NO;
				CLANG_ANALYZER_NONNULL = YES;
				CLANG_ANALYZER_NUMBER_OBJECT_CONVERSION = YES_AGGRESSIVE;
				CLANG_CXX_LANGUAGE_STANDARD = "gnu++14";
				CLANG_CXX_LIBRARY = "libc++";
				CLANG_ENABLE_MODULES = YES;
				CLANG_ENABLE_OBJC_ARC = YES;
				CLANG_ENABLE_OBJC_WEAK = YES;
				CLANG_WARN_BLOCK_CAPTURE_AUTORELEASING = YES;
				CLANG_WARN_BOOL_CONVERSION = YES;
				CLANG_WARN_COMMA = YES;
				CLANG_WARN_CONSTANT_CONVERSION = YES;
				CLANG_WARN_DEPRECATED_OBJC_IMPLEMENTATIONS = YES;
				CLANG_WARN_DIRECT_OBJC_ISA_USAGE = YES_ERROR;
				CLANG_WARN_DOCUMENTATION_COMMENTS = YES;
				CLANG_WARN_EMPTY_BODY = YES;
				CLANG_WARN_ENUM_CONVERSION = YES;
				CLANG_WARN_INFINITE_RECURSION = YES;
				CLANG_WARN_INT_CONVERSION = YES;
				CLANG_WARN_NON_LITERAL_NULL_CONVERSION = YES;
				CLANG_WARN_OBJC_IMPLICIT_RETAIN_SELF = YES;
				CLANG_WARN_OBJC_LITERAL_CONVERSION = YES;
				CLANG_WARN_OBJC_ROOT_CLASS = YES_ERROR;
				CLANG_WARN_RANGE_LOOP_ANALYSIS = YES;
				CLANG_WARN_STRICT_PROTOTYPES = YES;
				CLANG_WARN_SUSPICIOUS_MOVE = YES;
				CLANG_WARN_UNGUARDED_AVAILABILITY = YES_AGGRESSIVE;
				CLANG_WARN_UNREACHABLE_CODE = YES;
				CLANG_WARN__DUPLICATE_METHOD_MATCH = YES;
				COPY_PHASE_STRIP = NO;
				DEBUG_INFORMATION_FORMAT = dwarf;
				ENABLE_STRICT_OBJC_MSGSEND = YES;
				ENABLE_TESTABILITY = YES;
				GCC_C_LANGUAGE_STANDARD = gnu11;
				GCC_DYNAMIC_NO_PIC = NO;
				GCC_NO_COMMON_BLOCKS = YES;
				GCC_OPTIMIZATION_LEVEL = 0;
				GCC_PREPROCESSOR_DEFINITIONS = (
					"DEBUG=1",
					"$(inherited)",
				);
				GCC_WARN_64_TO_32_BIT_CONVERSION = YES;
				GCC_WARN_ABOUT_RETURN_TYPE = YES_ERROR;
				GCC_WARN_UNDECLARED_SELECTOR = YES;
				GCC_WARN_UNINITIALIZED_AUTOS = YES_AGGRESSIVE;
				GCC_WARN_UNUSED_FUNCTION = YES;
				GCC_WARN_UNUSED_VARIABLE = YES;
				IPHONEOS_DEPLOYMENT_TARGET = 13.2;
				MTL_ENABLE_DEBUG_INFO = INCLUDE_SOURCE;
				MTL_FAST_MATH = YES;
				ONLY_ACTIVE_ARCH = YES;
				SDKROOT = iphoneos;
				SWIFT_ACTIVE_COMPILATION_CONDITIONS = DEBUG;
				SWIFT_OPTIMIZATION_LEVEL = "-Onone";
			};
			name = Debug;
		};
		D5423AA224D6802C00C5D698 /* Release */ = {
			isa = XCBuildConfiguration;
			buildSettings = {
				ALWAYS_SEARCH_USER_PATHS = NO;
				CLANG_ANALYZER_NONNULL = YES;
				CLANG_ANALYZER_NUMBER_OBJECT_CONVERSION = YES_AGGRESSIVE;
				CLANG_CXX_LANGUAGE_STANDARD = "gnu++14";
				CLANG_CXX_LIBRARY = "libc++";
				CLANG_ENABLE_MODULES = YES;
				CLANG_ENABLE_OBJC_ARC = YES;
				CLANG_ENABLE_OBJC_WEAK = YES;
				CLANG_WARN_BLOCK_CAPTURE_AUTORELEASING = YES;
				CLANG_WARN_BOOL_CONVERSION = YES;
				CLANG_WARN_COMMA = YES;
				CLANG_WARN_CONSTANT_CONVERSION = YES;
				CLANG_WARN_DEPRECATED_OBJC_IMPLEMENTATIONS = YES;
				CLANG_WARN_DIRECT_OBJC_ISA_USAGE = YES_ERROR;
				CLANG_WARN_DOCUMENTATION_COMMENTS = YES;
				CLANG_WARN_EMPTY_BODY = YES;
				CLANG_WARN_ENUM_CONVERSION = YES;
				CLANG_WARN_INFINITE_RECURSION = YES;
				CLANG_WARN_INT_CONVERSION = YES;
				CLANG_WARN_NON_LITERAL_NULL_CONVERSION = YES;
				CLANG_WARN_OBJC_IMPLICIT_RETAIN_SELF = YES;
				CLANG_WARN_OBJC_LITERAL_CONVERSION = YES;
				CLANG_WARN_OBJC_ROOT_CLASS = YES_ERROR;
				CLANG_WARN_RANGE_LOOP_ANALYSIS = YES;
				CLANG_WARN_STRICT_PROTOTYPES = YES;
				CLANG_WARN_SUSPICIOUS_MOVE = YES;
				CLANG_WARN_UNGUARDED_AVAILABILITY = YES_AGGRESSIVE;
				CLANG_WARN_UNREACHABLE_CODE = YES;
				CLANG_WARN__DUPLICATE_METHOD_MATCH = YES;
				COPY_PHASE_STRIP = NO;
				DEBUG_INFORMATION_FORMAT = "dwarf-with-dsym";
				ENABLE_NS_ASSERTIONS = NO;
				ENABLE_STRICT_OBJC_MSGSEND = YES;
				GCC_C_LANGUAGE_STANDARD = gnu11;
				GCC_NO_COMMON_BLOCKS = YES;
				GCC_WARN_64_TO_32_BIT_CONVERSION = YES;
				GCC_WARN_ABOUT_RETURN_TYPE = YES_ERROR;
				GCC_WARN_UNDECLARED_SELECTOR = YES;
				GCC_WARN_UNINITIALIZED_AUTOS = YES_AGGRESSIVE;
				GCC_WARN_UNUSED_FUNCTION = YES;
				GCC_WARN_UNUSED_VARIABLE = YES;
				IPHONEOS_DEPLOYMENT_TARGET = 13.2;
				MTL_ENABLE_DEBUG_INFO = NO;
				MTL_FAST_MATH = YES;
				SDKROOT = iphoneos;
				SWIFT_COMPILATION_MODE = wholemodule;
				SWIFT_OPTIMIZATION_LEVEL = "-O";
				VALIDATE_PRODUCT = YES;
			};
			name = Release;
		};
		D5423AA424D6802C00C5D698 /* Debug */ = {
			isa = XCBuildConfiguration;
			baseConfigurationReference = 0217FE3C2147D4DAF23CEAA5 /* Pods-DaunPractice_PhotoFilterApp.debug.xcconfig */;
			buildSettings = {
				ASSETCATALOG_COMPILER_APPICON_NAME = AppIcon;
				CODE_SIGN_STYLE = Automatic;
				DEVELOPMENT_TEAM = FE546VX675;
				INFOPLIST_FILE = DaunPractice_PhotoFilterApp/Info.plist;
				LD_RUNPATH_SEARCH_PATHS = (
					"$(inherited)",
					"@executable_path/Frameworks",
				);
				PRODUCT_BUNDLE_IDENTIFIER = "com.daun.joung.DaunPractice-PhotoFilterApp";
				PRODUCT_NAME = "$(TARGET_NAME)";
				SWIFT_VERSION = 5.0;
				TARGETED_DEVICE_FAMILY = "1,2";
			};
			name = Debug;
		};
		D5423AA524D6802C00C5D698 /* Release */ = {
			isa = XCBuildConfiguration;
			baseConfigurationReference = 586A68CA41BCCD1838860AEF /* Pods-DaunPractice_PhotoFilterApp.release.xcconfig */;
			buildSettings = {
				ASSETCATALOG_COMPILER_APPICON_NAME = AppIcon;
				CODE_SIGN_STYLE = Automatic;
				DEVELOPMENT_TEAM = FE546VX675;
				INFOPLIST_FILE = DaunPractice_PhotoFilterApp/Info.plist;
				LD_RUNPATH_SEARCH_PATHS = (
					"$(inherited)",
					"@executable_path/Frameworks",
				);
				PRODUCT_BUNDLE_IDENTIFIER = "com.daun.joung.DaunPractice-PhotoFilterApp";
				PRODUCT_NAME = "$(TARGET_NAME)";
				SWIFT_VERSION = 5.0;
				TARGETED_DEVICE_FAMILY = "1,2";
			};
			name = Release;
		};
/* End XCBuildConfiguration section */

/* Begin XCConfigurationList section */
		D5423A8724D6802A00C5D698 /* Build configuration list for PBXProject "DaunPractice_PhotoFilterApp" */ = {
			isa = XCConfigurationList;
			buildConfigurations = (
				D5423AA124D6802C00C5D698 /* Debug */,
				D5423AA224D6802C00C5D698 /* Release */,
			);
			defaultConfigurationIsVisible = 0;
			defaultConfigurationName = Release;
		};
		D5423AA324D6802C00C5D698 /* Build configuration list for PBXNativeTarget "DaunPractice_PhotoFilterApp" */ = {
			isa = XCConfigurationList;
			buildConfigurations = (
				D5423AA424D6802C00C5D698 /* Debug */,
				D5423AA524D6802C00C5D698 /* Release */,
			);
			defaultConfigurationIsVisible = 0;
			defaultConfigurationName = Release;
		};
/* End XCConfigurationList section */

/* Begin XCVersionGroup section */
		D5423A9824D6802A00C5D698 /* DaunPractice_PhotoFilterApp.xcdatamodeld */ = {
			isa = XCVersionGroup;
			children = (
				D5423A9924D6802A00C5D698 /* DaunPractice_PhotoFilterApp.xcdatamodel */,
			);
			currentVersion = D5423A9924D6802A00C5D698 /* DaunPractice_PhotoFilterApp.xcdatamodel */;
			path = DaunPractice_PhotoFilterApp.xcdatamodeld;
			sourceTree = "<group>";
			versionGroupType = wrapper.xcdatamodel;
		};
/* End XCVersionGroup section */
	};
	rootObject = D5423A8424D6802A00C5D698 /* Project object */;
}
